Microsoft Visual Studio Solution File, Format Version 12.00
# Visual Studio Version 17
VisualStudioVersion = 17.5.2.0
MinimumVisualStudioVersion = 10.0.40219.1
Project("{FAE04EC0-301F-11D3-BF4B-00C04F79EFBC}") = "execly-backend", "execly-backend.csproj", "{C8790C17-8F49-2549-93A0-54C55ABBE8A6}"
EndProject
Global
	GlobalSection(SolutionConfigurationPlatforms) = preSolution
		Debug|Any CPU = Debug|Any CPU
		Release|Any CPU = Release|Any CPU
	EndGlobalSection
	GlobalSection(ProjectConfigurationPlatforms) = postSolution
		{C8790C17-8F49-2549-93A0-54C55ABBE8A6}.Debug|Any CPU.ActiveCfg = Debug|Any CPU
		{C8790C17-8F49-2549-93A0-54C55ABBE8A6}.Debug|Any CPU.Build.0 = Debug|Any CPU
		{C8790C17-8F49-2549-93A0-54C55ABBE8A6}.Release|Any CPU.ActiveCfg = Release|Any CPU
		{C8790C17-8F49-2549-93A0-54C55ABBE8A6}.Release|Any CPU.Build.0 = Release|Any CPU
	EndGlobalSection
	GlobalSection(SolutionProperties) = preSolution
		HideSolutionNode = FALSE
	EndGlobalSection
	GlobalSection(ExtensibilityGlobals) = postSolution
		SolutionGuid = {5DDA2D0B-A8EF-4709-8858-6C2AAD09EAFE}
	EndGlobalSection
EndGlobal
